
Microsoft Visual Studio Solution File, Format Version 12.00
# Visual Studio 15
VisualStudioVersion = 15.0.27428.2005
MinimumVisualStudioVersion = 10.0.40219.1
Project("{FAE04EC0-301F-11D3-BF4B-00C04F79EFBC}") = "GestionEtudiant.Android", "GestionEtudiant\GestionEtudiant.Android\GestionEtudiant.Android.csproj", "{334E1659-5489-400C-95F7-D78C97BA389C}"
EndProject
Project("{FAE04EC0-301F-11D3-BF4B-00C04F79EFBC}") = "GestionEtudiant.iOS", "GestionEtudiant\GestionEtudiant.iOS\GestionEtudiant.iOS.csproj", "{A3EBD22A-AC19-45C1-ACEB-BAF38C6F9E48}"
EndProject
Project("{FAE04EC0-301F-11D3-BF4B-00C04F79EFBC}") = "GestionEtudiant", "GestionEtudiant\GestionEtudiant\GestionEtudiant.csproj", "{D01D8F46-FA56-47DD-A095-A86A0D5D503B}"
EndProject
Global
	GlobalSection(SolutionConfigurationPlatforms) = preSolution
		Ad-Hoc|Any CPU = Ad-Hoc|Any CPU
		Ad-Hoc|iPhone = Ad-Hoc|iPhone
		Ad-Hoc|iPhoneSimulator = Ad-Hoc|iPhoneSimulator
		AppStore|Any CPU = AppStore|Any CPU
		AppStore|iPhone = AppStore|iPhone
		AppStore|iPhoneSimulator = AppStore|iPhoneSimulator
		Debug|Any CPU = Debug|Any CPU
		Debug|iPhone = Debug|iPhone
		Debug|iPhoneSimulator = Debug|iPhoneSimulator
		Release|Any CPU = Release|Any CPU
		Release|iPhone = Release|iPhone
		Release|iPhoneSimulator = Release|iPhoneSimulator
	EndGlobalSection
	GlobalSection(ProjectConfigurationPlatforms) = postSolution
		{334E1659-5489-400C-95F7-D78C97BA389C}.Ad-Hoc|Any CPU.ActiveCfg = Release|Any CPU
		{334E1659-5489-400C-95F7-D78C97BA389C}.Ad-Hoc|Any CPU.Build.0 = Release|Any CPU
		{334E1659-5489-400C-95F7-D78C97BA389C}.Ad-Hoc|Any CPU.Deploy.0 = Release|Any CPU
		{334E1659-5489-400C-95F7-D78C97BA389C}.Ad-Hoc|iPhone.ActiveCfg = Release|Any CPU
		{334E1659-5489-400C-95F7-D78C97BA389C}.Ad-Hoc|iPhone.Build.0 = Release|Any CPU
		{334E1659-5489-400C-95F7-D78C97BA389C}.Ad-Hoc|iPhone.Deploy.0 = Release|Any CPU
		{334E1659-5489-400C-95F7-D78C97BA389C}.Ad-Hoc|iPhoneSimulator.ActiveCfg = Release|Any CPU
		{334E1659-5489-400C-95F7-D78C97BA389C}.Ad-Hoc|iPhoneSimulator.Build.0 = Release|Any CPU
		{334E1659-5489-400C-95F7-D78C97BA389C}.Ad-Hoc|iPhoneSimulator.Deploy.0 = Release|Any CPU
		{334E1659-5489-400C-95F7-D78C97BA389C}.AppStore|Any CPU.ActiveCfg = Release|Any CPU
		{334E1659-5489-400C-95F7-D78C97BA389C}.AppStore|Any CPU.Build.0 = Release|Any CPU
		{334E1659-5489-400C-95F7-D78C97BA389C}.AppStore|Any CPU.Deploy.0 = Release|Any CPU
		{334E1659-5489-400C-95F7-D78C97BA389C}.AppStore|iPhone.ActiveCfg = Release|Any CPU
		{334E1659-5489-400C-95F7-D78C97BA389C}.AppStore|iPhone.Build.0 = Release|Any CPU
		{334E1659-5489-400C-95F7-D78C97BA389C}.AppStore|iPhone.Deploy.0 = Release|Any CPU
		{334E1659-5489-400C-95F7-D78C97BA389C}.AppStore|iPhoneSimulator.ActiveCfg = Release|Any CPU
		{334E1659-5489-400C-95F7-D78C97BA389C}.AppStore|iPhoneSimulator.Build.0 = Release|Any CPU
		{334E1659-5489-400C-95F7-D78C97BA389C}.AppStore|iPhoneSimulator.Deploy.0 = Release|Any CPU
		{334E1659-5489-400C-95F7-D78C97BA389C}.Debug|Any CPU.ActiveCfg = Debug|Any CPU
		{334E1659-5489-400C-95F7-D78C97BA389C}.Debug|Any CPU.Build.0 = Debug|Any CPU
		{334E1659-5489-400C-95F7-D78C97BA389C}.Debug|Any CPU.Deploy.0 = Debug|Any CPU
		{334E1659-5489-400C-95F7-D78C97BA389C}.Debug|iPhone.ActiveCfg = Debug|Any CPU
		{334E1659-5489-400C-95F7-D78C97BA389C}.Debug|iPhone.Build.0 = Debug|Any CPU
		{334E1659-5489-400C-95F7-D78C97BA389C}.Debug|iPhone.Deploy.0 = Debug|Any CPU
		{334E1659-5489-400C-95F7-D78C97BA389C}.Debug|iPhoneSimulator.ActiveCfg = Debug|Any CPU
		{334E1659-5489-400C-95F7-D78C97BA389C}.Debug|iPhoneSimulator.Build.0 = Debug|Any CPU
		{334E1659-5489-400C-95F7-D78C97BA389C}.Debug|iPhoneSimulator.Deploy.0 = Debug|Any CPU
		{334E1659-5489-400C-95F7-D78C97BA389C}.Release|Any CPU.ActiveCfg = Release|Any CPU
		{334E1659-5489-400C-95F7-D78C97BA389C}.Release|Any CPU.Build.0 = Release|Any CPU
		{334E1659-5489-400C-95F7-D78C97BA389C}.Release|Any CPU.Deploy.0 = Release|Any CPU
		{334E1659-5489-400C-95F7-D78C97BA389C}.Release|iPhone.ActiveCfg = Release|Any CPU
		{334E1659-5489-400C-95F7-D78C97BA389C}.Release|iPhone.Build.0 = Release|Any CPU
		{334E1659-5489-400C-95F7-D78C97BA389C}.Release|iPhone.Deploy.0 = Release|Any CPU
		{334E1659-5489-400C-95F7-D78C97BA389C}.Release|iPhoneSimulator.ActiveCfg = Release|Any CPU
		{334E1659-5489-400C-95F7-D78C97BA389C}.Release|iPhoneSimulator.Build.0 = Release|Any CPU
		{334E1659-5489-400C-95F7-D78C97BA389C}.Release|iPhoneSimulator.Deploy.0 = Release|Any CPU
		{A3EBD22A-AC19-45C1-ACEB-BAF38C6F9E48}.Ad-Hoc|Any CPU.ActiveCfg = Ad-Hoc|iPhone
		{A3EBD22A-AC19-45C1-ACEB-BAF38C6F9E48}.Ad-Hoc|iPhone.ActiveCfg = Ad-Hoc|iPhone
		{A3EBD22A-AC19-45C1-ACEB-BAF38C6F9E48}.Ad-Hoc|iPhone.Build.0 = Ad-Hoc|iPhone
		{A3EBD22A-AC19-45C1-ACEB-BAF38C6F9E48}.Ad-Hoc|iPhoneSimulator.ActiveCfg = Ad-Hoc|iPhoneSimulator
		{A3EBD22A-AC19-45C1-ACEB-BAF38C6F9E48}.Ad-Hoc|iPhoneSimulator.Build.0 = Ad-Hoc|iPhoneSimulator
		{A3EBD22A-AC19-45C1-ACEB-BAF38C6F9E48}.AppStore|Any CPU.ActiveCfg = AppStore|iPhone
		{A3EBD22A-AC19-45C1-ACEB-BAF38C6F9E48}.AppStore|iPhone.ActiveCfg = AppStore|iPhone
		{A3EBD22A-AC19-45C1-ACEB-BAF38C6F9E48}.AppStore|iPhone.Build.0 = AppStore|iPhone
		{A3EBD22A-AC19-45C1-ACEB-BAF38C6F9E48}.AppStore|iPhoneSimulator.ActiveCfg = AppStore|iPhoneSimulator
		{A3EBD22A-AC19-45C1-ACEB-BAF38C6F9E48}.AppStore|iPhoneSimulator.Build.0 = AppStore|iPhoneSimulator
		{A3EBD22A-AC19-45C1-ACEB-BAF38C6F9E48}.Debug|Any CPU.ActiveCfg = Debug|iPhone
		{A3EBD22A-AC19-45C1-ACEB-BAF38C6F9E48}.Debug|iPhone.ActiveCfg = Debug|iPhone
		{A3EBD22A-AC19-45C1-ACEB-BAF38C6F9E48}.Debug|iPhone.Build.0 = Debug|iPhone
		{A3EBD22A-AC19-45C1-ACEB-BAF38C6F9E48}.Debug|iPhoneSimulator.ActiveCfg = Debug|iPhoneSimulator
		{A3EBD22A-AC19-45C1-ACEB-BAF38C6F9E48}.Debug|iPhoneSimulator.Build.0 = Debug|iPhoneSimulator
		{A3EBD22A-AC19-45C1-ACEB-BAF38C6F9E48}.Release|Any CPU.ActiveCfg = Release|iPhone
		{A3EBD22A-AC19-45C1-ACEB-BAF38C6F9E48}.Release|iPhone.ActiveCfg = Release|iPhone
		{A3EBD22A-AC19-45C1-ACEB-BAF38C6F9E48}.Release|iPhone.Build.0 = Release|iPhone
		{A3EBD22A-AC19-45C1-ACEB-BAF38C6F9E48}.Release|iPhoneSimulator.ActiveCfg = Release|iPhoneSimulator
		{A3EBD22A-AC19-45C1-ACEB-BAF38C6F9E48}.Release|iPhoneSimulator.Build.0 = Release|iPhoneSimulator
		{D01D8F46-FA56-47DD-A095-A86A0D5D503B}.Ad-Hoc|Any CPU.ActiveCfg = Debug|Any CPU
		{D01D8F46-FA56-47DD-A095-A86A0D5D503B}.Ad-Hoc|Any CPU.Build.0 = Debug|Any CPU
		{D01D8F46-FA56-47DD-A095-A86A0D5D503B}.Ad-Hoc|iPhone.ActiveCfg = Debug|Any CPU
		{D01D8F46-FA56-47DD-A095-A86A0D5D503B}.Ad-Hoc|iPhone.Build.0 = Debug|Any CPU
		{D01D8F46-FA56-47DD-A095-A86A0D5D503B}.Ad-Hoc|iPhoneSimulator.ActiveCfg = Debug|Any CPU
		{D01D8F46-FA56-47DD-A095-A86A0D5D503B}.Ad-Hoc|iPhoneSimulator.Build.0 = Debug|Any CPU
		{D01D8F46-FA56-47DD-A095-A86A0D5D503B}.AppStore|Any CPU.ActiveCfg = Debug|Any CPU
		{D01D8F46-FA56-47DD-A095-A86A0D5D503B}.AppStore|Any CPU.Build.0 = Debug|Any CPU
		{D01D8F46-FA56-47DD-A095-A86A0D5D503B}.AppStore|iPhone.ActiveCfg = Debug|Any CPU
		{D01D8F46-FA56-47DD-A095-A86A0D5D503B}.AppStore|iPhone.Build.0 = Debug|Any CPU
		{D01D8F46-FA56-47DD-A095-A86A0D5D503B}.AppStore|iPhoneSimulator.ActiveCfg = Debug|Any CPU
		{D01D8F46-FA56-47DD-A095-A86A0D5D503B}.AppStore|iPhoneSimulator.Build.0 = Debug|Any CPU
		{D01D8F46-FA56-47DD-A095-A86A0D5D503B}.Debug|Any CPU.ActiveCfg = Debug|Any CPU
		{D01D8F46-FA56-47DD-A095-A86A0D5D503B}.Debug|Any CPU.Build.0 = Debug|Any CPU
		{D01D8F46-FA56-47DD-A095-A86A0D5D503B}.Debug|iPhone.ActiveCfg = Debug|Any CPU
		{D01D8F46-FA56-47DD-A095-A86A0D5D503B}.Debug|iPhone.Build.0 = Debug|Any CPU
		{D01D8F46-FA56-47DD-A095-A86A0D5D503B}.Debug|iPhoneSimulator.ActiveCfg = Debug|Any CPU
		{D01D8F46-FA56-47DD-A095-A86A0D5D503B}.Debug|iPhoneSimulator.Build.0 = Debug|Any CPU
		{D01D8F46-FA56-47DD-A095-A86A0D5D503B}.Release|Any CPU.ActiveCfg = Release|Any CPU
		{D01D8F46-FA56-47DD-A095-A86A0D5D503B}.Release|Any CPU.Build.0 = Release|Any CPU
		{D01D8F46-FA56-47DD-A095-A86A0D5D503B}.Release|iPhone.ActiveCfg = Release|Any CPU
		{D01D8F46-FA56-47DD-A095-A86A0D5D503B}.Release|iPhone.Build.0 = Release|Any CPU
		{D01D8F46-FA56-47DD-A095-A86A0D5D503B}.Release|iPhoneSimulator.ActiveCfg = Release|Any CPU
		{D01D8F46-FA56-47DD-A095-A86A0D5D503B}.Release|iPhoneSimulator.Build.0 = Release|Any CPU
	EndGlobalSection
	GlobalSection(SolutionProperties) = preSolution
		HideSolutionNode = FALSE
	EndGlobalSection
	GlobalSection(ExtensibilityGlobals) = postSolution
		SolutionGuid = {16D21DEB-229C-49BB-98C3-9EECE0532A03}
	EndGlobalSection
EndGlobal
